
Microsoft Visual Studio Solution File, Format Version 12.00
# Visual Studio Version 17
VisualStudioVersion = 17.14.36301.6 d17.14
MinimumVisualStudioVersion = 10.0.40219.1
Project("{FAE04EC0-301F-11D3-BF4B-00C04F79EFBC}") = "Contact app", "Contact app\Contact app.csproj", "{9532C986-9A1A-4D58-91FA-FDDC199987D5}"
EndProject
Global
	GlobalSection(SolutionConfigurationPlatforms) = preSolution
		Debug|Any CPU = Debug|Any CPU
		Release|Any CPU = Release|Any CPU
	EndGlobalSection
	GlobalSection(ProjectConfigurationPlatforms) = postSolution
		{9532C986-9A1A-4D58-91FA-FDDC199987D5}.Debug|Any CPU.ActiveCfg = Debug|Any CPU
		{9532C986-9A1A-4D58-91FA-FDDC199987D5}.Debug|Any CPU.Build.0 = Debug|Any CPU
		{9532C986-9A1A-4D58-91FA-FDDC199987D5}.Release|Any CPU.ActiveCfg = Release|Any CPU
		{9532C986-9A1A-4D58-91FA-FDDC199987D5}.Release|Any CPU.Build.0 = Release|Any CPU
	EndGlobalSection
	GlobalSection(SolutionProperties) = preSolution
		HideSolutionNode = FALSE
	EndGlobalSection
	GlobalSection(ExtensibilityGlobals) = postSolution
		SolutionGuid = {609982AF-C83D-47D5-AD93-B3B3817DEA59}
	EndGlobalSection
EndGlobal
